
Microsoft Visual Studio Solution File, Format Version 12.00
# Visual Studio Version 16
VisualStudioVersion = 16.0.29409.12
MinimumVisualStudioVersion = 10.0.40219.1
Project("{FAE04EC0-301F-11D3-BF4B-00C04F79EFBC}") = "Polynomials", "Polynomials.csproj", "{4657185C-9243-4195-8D46-C3DAC0A15A7C}"
EndProject
Global
	GlobalSection(SolutionConfigurationPlatforms) = preSolution
		Debug|Any CPU = Debug|Any CPU
		Release|Any CPU = Release|Any CPU
	EndGlobalSection
	GlobalSection(ProjectConfigurationPlatforms) = postSolution
		{4657185C-9243-4195-8D46-C3DAC0A15A7C}.Debug|Any CPU.ActiveCfg = Debug|Any CPU
		{4657185C-9243-4195-8D46-C3DAC0A15A7C}.Debug|Any CPU.Build.0 = Debug|Any CPU
		{4657185C-9243-4195-8D46-C3DAC0A15A7C}.Release|Any CPU.ActiveCfg = Release|Any CPU
		{4657185C-9243-4195-8D46-C3DAC0A15A7C}.Release|Any CPU.Build.0 = Release|Any CPU
	EndGlobalSection
	GlobalSection(SolutionProperties) = preSolution
		HideSolutionNode = FALSE
	EndGlobalSection
	GlobalSection(ExtensibilityGlobals) = postSolution
		SolutionGuid = {207A7B56-B628-4993-9B3A-0857B440160B}
	EndGlobalSection
EndGlobal
